Microsoft Visual Studio Solution File, Format Version 12.00
# Visual Studio Version 17
VisualStudioVersion = 17.5.2.0
MinimumVisualStudioVersion = 10.0.40219.1
Project("{FAE04EC0-301F-11D3-BF4B-00C04F79EFBC}") = "Demo_WebAPI_Access_AWSResources", "Demo_WebAPI_Access_AWSResources.csproj", "{5FE90AC6-8FF0-477B-0D1A-0EB7B8B8831E}"
EndProject
Global
	GlobalSection(SolutionConfigurationPlatforms) = preSolution
		Debug|Any CPU = Debug|Any CPU
		Release|Any CPU = Release|Any CPU
	EndGlobalSection
	GlobalSection(ProjectConfigurationPlatforms) = postSolution
		{5FE90AC6-8FF0-477B-0D1A-0EB7B8B8831E}.Debug|Any CPU.ActiveCfg = Debug|Any CPU
		{5FE90AC6-8FF0-477B-0D1A-0EB7B8B8831E}.Debug|Any CPU.Build.0 = Debug|Any CPU
		{5FE90AC6-8FF0-477B-0D1A-0EB7B8B8831E}.Release|Any CPU.ActiveCfg = Release|Any CPU
		{5FE90AC6-8FF0-477B-0D1A-0EB7B8B8831E}.Release|Any CPU.Build.0 = Release|Any CPU
	EndGlobalSection
	GlobalSection(SolutionProperties) = preSolution
		HideSolutionNode = FALSE
	EndGlobalSection
	GlobalSection(ExtensibilityGlobals) = postSolution
		SolutionGuid = {F973D0E3-9D28-4860-ACA1-38C7B731FFC2}
	EndGlobalSection
EndGlobal
